
Microsoft Visual Studio Solution File, Format Version 12.00
# Visual Studio Version 17
VisualStudioVersion = 17.3.32611.2
MinimumVisualStudioVersion = 10.0.40219.1
Project("{9A19103F-16F7-4668-BE54-9A1E7A4F7556}") = "DM.Api", "DM.Api\DM.Api.csproj", "{EF3048E4-82C3-42F4-B6BA-F96FAE0D693E}"
EndProject
Project("{2150E333-8FDC-42A3-9474-1A3956D46DE8}") = "Modules", "Modules", "{03CF9DB0-05C1-4297-9C83-270580351997}"
EndProject
Project("{2150E333-8FDC-42A3-9474-1A3956D46DE8}") = "Shared", "Shared", "{05798383-44DC-4673-883B-94B3A7BAB792}"
EndProject
Project("{2150E333-8FDC-42A3-9474-1A3956D46DE8}") = "Users", "Users", "{EEDB0579-CC02-443E-A9FB-BEBCA09EC8D5}"
EndProject
Project("{2150E333-8FDC-42A3-9474-1A3956D46DE8}") = "Tasks", "Tasks", "{D498BDE2-3C42-45BE-8AB4-7D31FC213117}"
EndProject
Project("{2150E333-8FDC-42A3-9474-1A3956D46DE8}") = "Events", "Events", "{3EE555A4-29BC-45C5-883C-1E70C1F12D42}"
EndProject
Project("{FAE04EC0-301F-11D3-BF4B-00C04F79EFBC}") = "DM.Shared.Infrastructure", "DM.Shared.Infrastructure\DM.Shared.Infrastructure.csproj", "{C81E8FA0-3D75-4DF1-B514-4CF94F1A738F}"
EndProject
Project("{FAE04EC0-301F-11D3-BF4B-00C04F79EFBC}") = "DM.Shared.Core", "DM.Shared.Core\DM.Shared.Core.csproj", "{9E2E2AA8-228F-47B5-B9A0-50BA7401524D}"
EndProject
Project("{FAE04EC0-301F-11D3-BF4B-00C04F79EFBC}") = "DM.Users", "DM.Users\DM.Users.csproj", "{FC95264D-6421-4B23-B3F7-15C3D97E1AC0}"
EndProject
Project("{FAE04EC0-301F-11D3-BF4B-00C04F79EFBC}") = "DM.Tasks.Core", "DM.Tasks.Core\DM.Tasks.Core.csproj", "{0755126A-26A7-444C-82DF-CF769741D441}"
EndProject
Project("{FAE04EC0-301F-11D3-BF4B-00C04F79EFBC}") = "DM.Modules.Tasks.Infrastructure", "DM.Tasks.Infrastructure\DM.Modules.Tasks.Infrastructure.csproj", "{9159E848-44C4-4303-A819-48A7AD3B5860}"
EndProject
Project("{FAE04EC0-301F-11D3-BF4B-00C04F79EFBC}") = "DM.Modules.Tasks", "DM.Modules.Tasks\DM.Modules.Tasks.csproj", "{8B2A09EE-BB09-4427-843B-AB74814BCCAB}"
EndProject
Project("{FAE04EC0-301F-11D3-BF4B-00C04F79EFBC}") = "DM.Modules.Events", "DM.Modules.Events\DM.Modules.Events.csproj", "{614924BB-BC0F-4868-9D50-D7C72FBC1A4C}"
EndProject
Project("{FAE04EC0-301F-11D3-BF4B-00C04F79EFBC}") = "DM.Modules.Events.Core", "DM.Modules.Events.Core\DM.Modules.Events.Core.csproj", "{90325B08-94B1-45BC-A2DE-6B322C989BF8}"
EndProject
Project("{FAE04EC0-301F-11D3-BF4B-00C04F79EFBC}") = "DM.Modules.Events.Infrastructure", "DM.Modules.Events.Infrastructure\DM.Modules.Events.Infrastructure.csproj", "{14BDEFE5-9B07-461C-9F8B-38473DF751AB}"
EndProject
Global
	GlobalSection(SolutionConfigurationPlatforms) = preSolution
		Debug|Any CPU = Debug|Any CPU
		Release|Any CPU = Release|Any CPU
	EndGlobalSection
	GlobalSection(ProjectConfigurationPlatforms) = postSolution
		{EF3048E4-82C3-42F4-B6BA-F96FAE0D693E}.Debug|Any CPU.ActiveCfg = Debug|Any CPU
		{EF3048E4-82C3-42F4-B6BA-F96FAE0D693E}.Debug|Any CPU.Build.0 = Debug|Any CPU
		{EF3048E4-82C3-42F4-B6BA-F96FAE0D693E}.Release|Any CPU.ActiveCfg = Release|Any CPU
		{EF3048E4-82C3-42F4-B6BA-F96FAE0D693E}.Release|Any CPU.Build.0 = Release|Any CPU
		{C81E8FA0-3D75-4DF1-B514-4CF94F1A738F}.Debug|Any CPU.ActiveCfg = Debug|Any CPU
		{C81E8FA0-3D75-4DF1-B514-4CF94F1A738F}.Debug|Any CPU.Build.0 = Debug|Any CPU
		{C81E8FA0-3D75-4DF1-B514-4CF94F1A738F}.Release|Any CPU.ActiveCfg = Release|Any CPU
		{C81E8FA0-3D75-4DF1-B514-4CF94F1A738F}.Release|Any CPU.Build.0 = Release|Any CPU
		{9E2E2AA8-228F-47B5-B9A0-50BA7401524D}.Debug|Any CPU.ActiveCfg = Debug|Any CPU
		{9E2E2AA8-228F-47B5-B9A0-50BA7401524D}.Debug|Any CPU.Build.0 = Debug|Any CPU
		{9E2E2AA8-228F-47B5-B9A0-50BA7401524D}.Release|Any CPU.ActiveCfg = Release|Any CPU
		{9E2E2AA8-228F-47B5-B9A0-50BA7401524D}.Release|Any CPU.Build.0 = Release|Any CPU
		{FC95264D-6421-4B23-B3F7-15C3D97E1AC0}.Debug|Any CPU.ActiveCfg = Debug|Any CPU
		{FC95264D-6421-4B23-B3F7-15C3D97E1AC0}.Debug|Any CPU.Build.0 = Debug|Any CPU
		{FC95264D-6421-4B23-B3F7-15C3D97E1AC0}.Release|Any CPU.ActiveCfg = Release|Any CPU
		{FC95264D-6421-4B23-B3F7-15C3D97E1AC0}.Release|Any CPU.Build.0 = Release|Any CPU
		{0755126A-26A7-444C-82DF-CF769741D441}.Debug|Any CPU.ActiveCfg = Debug|Any CPU
		{0755126A-26A7-444C-82DF-CF769741D441}.Debug|Any CPU.Build.0 = Debug|Any CPU
		{0755126A-26A7-444C-82DF-CF769741D441}.Release|Any CPU.ActiveCfg = Release|Any CPU
		{0755126A-26A7-444C-82DF-CF769741D441}.Release|Any CPU.Build.0 = Release|Any CPU
		{9159E848-44C4-4303-A819-48A7AD3B5860}.Debug|Any CPU.ActiveCfg = Debug|Any CPU
		{9159E848-44C4-4303-A819-48A7AD3B5860}.Debug|Any CPU.Build.0 = Debug|Any CPU
		{9159E848-44C4-4303-A819-48A7AD3B5860}.Release|Any CPU.ActiveCfg = Release|Any CPU
		{9159E848-44C4-4303-A819-48A7AD3B5860}.Release|Any CPU.Build.0 = Release|Any CPU
		{8B2A09EE-BB09-4427-843B-AB74814BCCAB}.Debug|Any CPU.ActiveCfg = Debug|Any CPU
		{8B2A09EE-BB09-4427-843B-AB74814BCCAB}.Debug|Any CPU.Build.0 = Debug|Any CPU
		{8B2A09EE-BB09-4427-843B-AB74814BCCAB}.Release|Any CPU.ActiveCfg = Release|Any CPU
		{8B2A09EE-BB09-4427-843B-AB74814BCCAB}.Release|Any CPU.Build.0 = Release|Any CPU
		{614924BB-BC0F-4868-9D50-D7C72FBC1A4C}.Debug|Any CPU.ActiveCfg = Debug|Any CPU
		{614924BB-BC0F-4868-9D50-D7C72FBC1A4C}.Debug|Any CPU.Build.0 = Debug|Any CPU
		{614924BB-BC0F-4868-9D50-D7C72FBC1A4C}.Release|Any CPU.ActiveCfg = Release|Any CPU
		{614924BB-BC0F-4868-9D50-D7C72FBC1A4C}.Release|Any CPU.Build.0 = Release|Any CPU
		{90325B08-94B1-45BC-A2DE-6B322C989BF8}.Debug|Any CPU.ActiveCfg = Debug|Any CPU
		{90325B08-94B1-45BC-A2DE-6B322C989BF8}.Debug|Any CPU.Build.0 = Debug|Any CPU
		{90325B08-94B1-45BC-A2DE-6B322C989BF8}.Release|Any CPU.ActiveCfg = Release|Any CPU
		{90325B08-94B1-45BC-A2DE-6B322C989BF8}.Release|Any CPU.Build.0 = Release|Any CPU
		{14BDEFE5-9B07-461C-9F8B-38473DF751AB}.Debug|Any CPU.ActiveCfg = Debug|Any CPU
		{14BDEFE5-9B07-461C-9F8B-38473DF751AB}.Debug|Any CPU.Build.0 = Debug|Any CPU
		{14BDEFE5-9B07-461C-9F8B-38473DF751AB}.Release|Any CPU.ActiveCfg = Release|Any CPU
		{14BDEFE5-9B07-461C-9F8B-38473DF751AB}.Release|Any CPU.Build.0 = Release|Any CPU
	EndGlobalSection
	GlobalSection(SolutionProperties) = preSolution
		HideSolutionNode = FALSE
	EndGlobalSection
	GlobalSection(NestedProjects) = preSolution
		{EEDB0579-CC02-443E-A9FB-BEBCA09EC8D5} = {03CF9DB0-05C1-4297-9C83-270580351997}
		{D498BDE2-3C42-45BE-8AB4-7D31FC213117} = {03CF9DB0-05C1-4297-9C83-270580351997}
		{3EE555A4-29BC-45C5-883C-1E70C1F12D42} = {03CF9DB0-05C1-4297-9C83-270580351997}
		{C81E8FA0-3D75-4DF1-B514-4CF94F1A738F} = {05798383-44DC-4673-883B-94B3A7BAB792}
		{9E2E2AA8-228F-47B5-B9A0-50BA7401524D} = {05798383-44DC-4673-883B-94B3A7BAB792}
		{FC95264D-6421-4B23-B3F7-15C3D97E1AC0} = {EEDB0579-CC02-443E-A9FB-BEBCA09EC8D5}
		{0755126A-26A7-444C-82DF-CF769741D441} = {D498BDE2-3C42-45BE-8AB4-7D31FC213117}
		{9159E848-44C4-4303-A819-48A7AD3B5860} = {D498BDE2-3C42-45BE-8AB4-7D31FC213117}
		{8B2A09EE-BB09-4427-843B-AB74814BCCAB} = {D498BDE2-3C42-45BE-8AB4-7D31FC213117}
		{614924BB-BC0F-4868-9D50-D7C72FBC1A4C} = {3EE555A4-29BC-45C5-883C-1E70C1F12D42}
		{90325B08-94B1-45BC-A2DE-6B322C989BF8} = {3EE555A4-29BC-45C5-883C-1E70C1F12D42}
		{14BDEFE5-9B07-461C-9F8B-38473DF751AB} = {3EE555A4-29BC-45C5-883C-1E70C1F12D42}
	EndGlobalSection
	GlobalSection(ExtensibilityGlobals) = postSolution
		SolutionGuid = {B2260553-7FEB-450C-A075-EA5B978040E4}
	EndGlobalSection
EndGlobal
